
Microsoft Visual Studio Solution File, Format Version 12.00
# Visual Studio Version 16
VisualStudioVersion = 16.0.31005.135
MinimumVisualStudioVersion = 10.0.40219.1
Project("{FAE04EC0-301F-11D3-BF4B-00C04F79EFBC}") = "BuyService", "BuyService\BuyService.csproj", "{C8E7DF2A-441F-409E-A41A-55C68411F5F4}"
EndProject
Project("{FAE04EC0-301F-11D3-BF4B-00C04F79EFBC}") = "InventoryService", "InventoryService\InventoryService.csproj", "{B63003BB-2544-406D-99EB-D404D9EB03E7}"
EndProject
Project("{FAE04EC0-301F-11D3-BF4B-00C04F79EFBC}") = "ShippingService", "ShippingService\ShippingService.csproj", "{250CF39E-3D66-4125-B6C6-451DF897BA2A}"
EndProject
Global
	GlobalSection(SolutionConfigurationPlatforms) = preSolution
		Debug|Any CPU = Debug|Any CPU
		Release|Any CPU = Release|Any CPU
	EndGlobalSection
	GlobalSection(ProjectConfigurationPlatforms) = postSolution
		{C8E7DF2A-441F-409E-A41A-55C68411F5F4}.Debug|Any CPU.ActiveCfg = Debug|Any CPU
		{C8E7DF2A-441F-409E-A41A-55C68411F5F4}.Debug|Any CPU.Build.0 = Debug|Any CPU
		{C8E7DF2A-441F-409E-A41A-55C68411F5F4}.Release|Any CPU.ActiveCfg = Release|Any CPU
		{C8E7DF2A-441F-409E-A41A-55C68411F5F4}.Release|Any CPU.Build.0 = Release|Any CPU
		{B63003BB-2544-406D-99EB-D404D9EB03E7}.Debug|Any CPU.ActiveCfg = Debug|Any CPU
		{B63003BB-2544-406D-99EB-D404D9EB03E7}.Debug|Any CPU.Build.0 = Debug|Any CPU
		{B63003BB-2544-406D-99EB-D404D9EB03E7}.Release|Any CPU.ActiveCfg = Release|Any CPU
		{B63003BB-2544-406D-99EB-D404D9EB03E7}.Release|Any CPU.Build.0 = Release|Any CPU
		{250CF39E-3D66-4125-B6C6-451DF897BA2A}.Debug|Any CPU.ActiveCfg = Debug|Any CPU
		{250CF39E-3D66-4125-B6C6-451DF897BA2A}.Debug|Any CPU.Build.0 = Debug|Any CPU
		{250CF39E-3D66-4125-B6C6-451DF897BA2A}.Release|Any CPU.ActiveCfg = Release|Any CPU
		{250CF39E-3D66-4125-B6C6-451DF897BA2A}.Release|Any CPU.Build.0 = Release|Any CPU
	EndGlobalSection
	GlobalSection(SolutionProperties) = preSolution
		HideSolutionNode = FALSE
	EndGlobalSection
	GlobalSection(ExtensibilityGlobals) = postSolution
		SolutionGuid = {7774A3DB-407E-4F2F-9261-6247C73D832C}
	EndGlobalSection
EndGlobal
